
Microsoft Visual Studio Solution File, Format Version 12.00
# Visual Studio Version 16
VisualStudioVersion = 16.0.31605.320
MinimumVisualStudioVersion = 10.0.40219.1
Project("{9A19103F-16F7-4668-BE54-9A1E7A4F7556}") = "Datos", "Datos\Datos.csproj", "{2AAE804F-A00D-447F-9ED5-FC45E8164D17}"
EndProject
Project("{FAE04EC0-301F-11D3-BF4B-00C04F79EFBC}") = "Web", "Web\Web.csproj", "{21D55450-2A86-4941-AC8C-2FAF8FC1BE71}"
EndProject
Project("{FAE04EC0-301F-11D3-BF4B-00C04F79EFBC}") = "WebApi", "WebApi\WebApi.csproj", "{2AEFC289-B46A-423E-ACB3-981E34ADCA64}"
EndProject
Global
	GlobalSection(SolutionConfigurationPlatforms) = preSolution
		Debug|Any CPU = Debug|Any CPU
		Release|Any CPU = Release|Any CPU
	EndGlobalSection
	GlobalSection(ProjectConfigurationPlatforms) = postSolution
		{2AAE804F-A00D-447F-9ED5-FC45E8164D17}.Debug|Any CPU.ActiveCfg = Debug|Any CPU
		{2AAE804F-A00D-447F-9ED5-FC45E8164D17}.Debug|Any CPU.Build.0 = Debug|Any CPU
		{2AAE804F-A00D-447F-9ED5-FC45E8164D17}.Release|Any CPU.ActiveCfg = Release|Any CPU
		{2AAE804F-A00D-447F-9ED5-FC45E8164D17}.Release|Any CPU.Build.0 = Release|Any CPU
		{21D55450-2A86-4941-AC8C-2FAF8FC1BE71}.Debug|Any CPU.ActiveCfg = Debug|Any CPU
		{21D55450-2A86-4941-AC8C-2FAF8FC1BE71}.Debug|Any CPU.Build.0 = Debug|Any CPU
		{21D55450-2A86-4941-AC8C-2FAF8FC1BE71}.Release|Any CPU.ActiveCfg = Release|Any CPU
		{21D55450-2A86-4941-AC8C-2FAF8FC1BE71}.Release|Any CPU.Build.0 = Release|Any CPU
		{2AEFC289-B46A-423E-ACB3-981E34ADCA64}.Debug|Any CPU.ActiveCfg = Debug|Any CPU
		{2AEFC289-B46A-423E-ACB3-981E34ADCA64}.Debug|Any CPU.Build.0 = Debug|Any CPU
		{2AEFC289-B46A-423E-ACB3-981E34ADCA64}.Release|Any CPU.ActiveCfg = Release|Any CPU
		{2AEFC289-B46A-423E-ACB3-981E34ADCA64}.Release|Any CPU.Build.0 = Release|Any CPU
	EndGlobalSection
	GlobalSection(SolutionProperties) = preSolution
		HideSolutionNode = FALSE
	EndGlobalSection
	GlobalSection(ExtensibilityGlobals) = postSolution
		SolutionGuid = {071E252B-41DC-444E-80ED-D9D05CE5BC47}
	EndGlobalSection
EndGlobal
